
Microsoft Visual Studio Solution File, Format Version 12.00
# Visual Studio 15
VisualStudioVersion = 15.0.27130.2027
MinimumVisualStudioVersion = 10.0.40219.1
Project("{FAE04EC0-301F-11D3-BF4B-00C04F79EFBC}") = "OnlineClass2", "OnlineClass2\OnlineClass2.csproj", "{77FC6673-925E-4E6E-A65D-3E2D80B49235}"
EndProject
Project("{FAE04EC0-301F-11D3-BF4B-00C04F79EFBC}") = "Model", "Model\Model.csproj", "{81C53BAB-FF21-4096-97C6-AC0A61BB7AF2}"
EndProject
Global
	GlobalSection(SolutionConfigurationPlatforms) = preSolution
		Debug|Any CPU = Debug|Any CPU
		Release|Any CPU = Release|Any CPU
	EndGlobalSection
	GlobalSection(ProjectConfigurationPlatforms) = postSolution
		{77FC6673-925E-4E6E-A65D-3E2D80B49235}.Debug|Any CPU.ActiveCfg = Debug|Any CPU
		{77FC6673-925E-4E6E-A65D-3E2D80B49235}.Debug|Any CPU.Build.0 = Debug|Any CPU
		{77FC6673-925E-4E6E-A65D-3E2D80B49235}.Release|Any CPU.ActiveCfg = Release|Any CPU
		{77FC6673-925E-4E6E-A65D-3E2D80B49235}.Release|Any CPU.Build.0 = Release|Any CPU
		{81C53BAB-FF21-4096-97C6-AC0A61BB7AF2}.Debug|Any CPU.ActiveCfg = Debug|Any CPU
		{81C53BAB-FF21-4096-97C6-AC0A61BB7AF2}.Debug|Any CPU.Build.0 = Debug|Any CPU
		{81C53BAB-FF21-4096-97C6-AC0A61BB7AF2}.Release|Any CPU.ActiveCfg = Release|Any CPU
		{81C53BAB-FF21-4096-97C6-AC0A61BB7AF2}.Release|Any CPU.Build.0 = Release|Any CPU
	EndGlobalSection
	GlobalSection(SolutionProperties) = preSolution
		HideSolutionNode = FALSE
	EndGlobalSection
	GlobalSection(ExtensibilityGlobals) = postSolution
		SolutionGuid = {AEFE1C4D-62FB-4855-99C2-A49BA6F5776B}
	EndGlobalSection
EndGlobal
